// !$*UTF8*$!
{
	archiveVersion = 1;
	classes = {
	};
	objectVersion = 50;
	objects = {

/* Begin PBXBuildFile section */
		563A52AC2460C0EB0040E102 /* DatabaseController.swift in Sources */ = {isa = PBXBuildFile; fileRef = 563A52AB2460C0EB0040E102 /* DatabaseController.swift */; };
		563A52AE24612DF50040E102 /* LocationController.swift in Sources */ = {isa = PBXBuildFile; fileRef = 563A52AD24612DF50040E102 /* LocationController.swift */; };
		5647A6022461327300153092 /* CragViewController.swift in Sources */ = {isa = PBXBuildFile; fileRef = 5647A6012461327300153092 /* CragViewController.swift */; };
		566CA276246144B800A0284E /* ModifyCragViewController.swift in Sources */ = {isa = PBXBuildFile; fileRef = 566CA275246144B800A0284E /* ModifyCragViewController.swift */; };
		56B12ED42460BBEF00B60055 /* AppDelegate.swift in Sources */ = {isa = PBXBuildFile; fileRef = 56B12ED32460BBEF00B60055 /* AppDelegate.swift */; };
		56B12ED62460BBEF00B60055 /* SceneDelegate.swift in Sources */ = {isa = PBXBuildFile; fileRef = 56B12ED52460BBEF00B60055 /* SceneDelegate.swift */; };
		56B12ED82460BBEF00B60055 /* ViewController.swift in Sources */ = {isa = PBXBuildFile; fileRef = 56B12ED72460BBEF00B60055 /* ViewController.swift */; };
		56B12EDB2460BBEF00B60055 /* Main.storyboard in Resources */ = {isa = PBXBuildFile; fileRef = 56B12ED92460BBEF00B60055 /* Main.storyboard */; };
		56B12EDE2460BBEF00B60055 /* RockClimbing.xcdatamodeld in Sources */ = {isa = PBXBuildFile; fileRef = 56B12EDC2460BBEF00B60055 /* RockClimbing.xcdatamodeld */; };
		56B12EE02460BBF200B60055 /* Assets.xcassets in Resources */ = {isa = PBXBuildFile; fileRef = 56B12EDF2460BBF200B60055 /* Assets.xcassets */; };
		56B12EE32460BBF200B60055 /* LaunchScreen.storyboard in Resources */ = {isa = PBXBuildFile; fileRef = 56B12EE12460BBF200B60055 /* LaunchScreen.storyboard */; };
		69376FD77D7A353A17634423 /* Pods_RockClimbing.framework in Frameworks */ = {isa = PBXBuildFile; fileRef = 39745C97991D493AE6A74616 /* Pods_RockClimbing.framework */; };
/* End PBXBuildFile section */

/* Begin PBXFileReference section */
		39745C97991D493AE6A74616 /* Pods_RockClimbing.framework */ = {isa = PBXFileReference; explicitFileType = wrapper.framework; includeInIndex = 0; path = Pods_RockClimbing.framework; sourceTree = BUILT_PRODUCTS_DIR; };
		563A52AB2460C0EB0040E102 /* DatabaseController.swift */ = {isa = PBXFileReference; lastKnownFileType = sourcecode.swift; path = DatabaseController.swift; sourceTree = "<group>"; };
		563A52AD24612DF50040E102 /* LocationController.swift */ = {isa = PBXFileReference; lastKnownFileType = sourcecode.swift; path = LocationController.swift; sourceTree = "<group>"; };
		5647A6012461327300153092 /* CragViewController.swift */ = {isa = PBXFileReference; lastKnownFileType = sourcecode.swift; path = CragViewController.swift; sourceTree = "<group>"; };
		566CA275246144B800A0284E /* ModifyCragViewController.swift */ = {isa = PBXFileReference; lastKnownFileType = sourcecode.swift; path = ModifyCragViewController.swift; sourceTree = "<group>"; };
		56B12ED02460BBEF00B60055 /* RockClimbing.app */ = {isa = PBXFileReference; explicitFileType = wrapper.application; includeInIndex = 0; path = RockClimbing.app; sourceTree = BUILT_PRODUCTS_DIR; };
		56B12ED32460BBEF00B60055 /* AppDelegate.swift */ = {isa = PBXFileReference; lastKnownFileType = sourcecode.swift; path = AppDelegate.swift; sourceTree = "<group>"; };
		56B12ED52460BBEF00B60055 /* SceneDelegate.swift */ = {isa = PBXFileReference; lastKnownFileType = sourcecode.swift; path = SceneDelegate.swift; sourceTree = "<group>"; };
		56B12ED72460BBEF00B60055 /* ViewController.swift */ = {isa = PBXFileReference; lastKnownFileType = sourcecode.swift; path = ViewController.swift; sourceTree = "<group>"; };
		56B12EDA2460BBEF00B60055 /* Base */ = {isa = PBXFileReference; lastKnownFileType = file.storyboard; name = Base; path = Base.lproj/Main.storyboard; sourceTree = "<group>"; };
		56B12EDD2460BBEF00B60055 /* RockClimbing.xcdatamodel */ = {isa = PBXFileReference; lastKnownFileType = wrapper.xcdatamodel; path = RockClimbing.xcdatamodel; sourceTree = "<group>"; };
		56B12EDF2460BBF200B60055 /* Assets.xcassets */ = {isa = PBXFileReference; lastKnownFileType = folder.assetcatalog; path = Assets.xcassets; sourceTree = "<group>"; };
		56B12EE22460BBF200B60055 /* Base */ = {isa = PBXFileReference; lastKnownFileType = file.storyboard; name = Base; path = Base.lproj/LaunchScreen.storyboard; sourceTree = "<group>"; };
		56B12EE42460BBF200B60055 /* Info.plist */ = {isa = PBXFileReference; lastKnownFileType = text.plist.xml; path = Info.plist; sourceTree = "<group>"; };
		859C9218EE652A26271644D4 /* Pods-RockClimbing.debug.xcconfig */ = {isa = PBXFileReference; includeInIndex = 1; lastKnownFileType = text.xcconfig; name = "Pods-RockClimbing.debug.xcconfig"; path = "Target Support Files/Pods-RockClimbing/Pods-RockClimbing.debug.xcconfig"; sourceTree = "<group>"; };
		AFFCA2BD2A41E4037F4DEC4C /* Pods-RockClimbing.release.xcconfig */ = {isa = PBXFileReference; includeInIndex = 1; lastKnownFileType = text.xcconfig; name = "Pods-RockClimbing.release.xcconfig"; path = "Target Support Files/Pods-RockClimbing/Pods-RockClimbing.release.xcconfig"; sourceTree = "<group>"; };
/* End PBXFileReference section */

/* Begin PBXFrameworksBuildPhase section */
		56B12ECD2460BBEF00B60055 /* Frameworks */ = {
			isa = PBXFrameworksBuildPhase;
			buildActionMask = 2147483647;
			files = (
				69376FD77D7A353A17634423 /* Pods_RockClimbing.framework in Frameworks */,
			);
			runOnlyForDeploymentPostprocessing = 0;
		};
/* End PBXFrameworksBuildPhase section */

/* Begin PBXGroup section */
		56B12EC72460BBEF00B60055 = {
			isa = PBXGroup;
			children = (
				56B12ED22460BBEF00B60055 /* RockClimbing */,
				56B12ED12460BBEF00B60055 /* Products */,
				6D710E3305A45C918376EB9E /* Pods */,
				9BAD0C7565235D7E7BC14972 /* Frameworks */,
			);
			sourceTree = "<group>";
		};
		56B12ED12460BBEF00B60055 /* Products */ = {
			isa = PBXGroup;
			children = (
				56B12ED02460BBEF00B60055 /* RockClimbing.app */,
			);
			name = Products;
			sourceTree = "<group>";
		};
		56B12ED22460BBEF00B60055 /* RockClimbing */ = {
			isa = PBXGroup;
			children = (
				56B12ED32460BBEF00B60055 /* AppDelegate.swift */,
				56B12ED52460BBEF00B60055 /* SceneDelegate.swift */,
				56B12ED72460BBEF00B60055 /* ViewController.swift */,
				563A52AB2460C0EB0040E102 /* DatabaseController.swift */,
				563A52AD24612DF50040E102 /* LocationController.swift */,
				5647A6012461327300153092 /* CragViewController.swift */,
				566CA275246144B800A0284E /* ModifyCragViewController.swift */,
				56B12ED92460BBEF00B60055 /* Main.storyboard */,
				56B12EDF2460BBF200B60055 /* Assets.xcassets */,
				56B12EE12460BBF200B60055 /* LaunchScreen.storyboard */,
				56B12EE42460BBF200B60055 /* Info.plist */,
				56B12EDC2460BBEF00B60055 /* RockClimbing.xcdatamodeld */,
			);
			path = RockClimbing;
			sourceTree = "<group>";
		};
		6D710E3305A45C918376EB9E /* Pods */ = {
			isa = PBXGroup;
			children = (
				859C9218EE652A26271644D4 /* Pods-RockClimbing.debug.xcconfig */,
				AFFCA2BD2A41E4037F4DEC4C /* Pods-RockClimbing.release.xcconfig */,
			);
			path = Pods;
			sourceTree = "<group>";
		};
		9BAD0C7565235D7E7BC14972 /* Frameworks */ = {
			isa = PBXGroup;
			children = (
				39745C97991D493AE6A74616 /* Pods_RockClimbing.framework */,
			);
			name = Frameworks;
			sourceTree = "<group>";
		};
/* End PBXGroup section */

/* Begin PBXNativeTarget section */
		56B12ECF2460BBEF00B60055 /* RockClimbing */ = {
			isa = PBXNativeTarget;
			buildConfigurationList = 56B12EE72460BBF200B60055 /* Build configuration list for PBXNativeTarget "RockClimbing" */;
			buildPhases = (
				DBE70886371EDFF12F2B8A1A /* [CP] Check Pods Manifest.lock */,
				56B12ECC2460BBEF00B60055 /* Sources */,
				56B12ECD2460BBEF00B60055 /* Frameworks */,
				56B12ECE2460BBEF00B60055 /* Resources */,
			);
			buildRules = (
			);
			dependencies = (
			);
			name = RockClimbing;
			productName = RockClimbing;
			productReference = 56B12ED02460BBEF00B60055 /* RockClimbing.app */;
			productType = "com.apple.product-type.application";
		};
/* End PBXNativeTarget section */

/* Begin PBXProject section */
		56B12EC82460BBEF00B60055 /* Project object */ = {
			isa = PBXProject;
			attributes = {
				LastSwiftUpdateCheck = 1140;
				LastUpgradeCheck = 1140;
				ORGANIZATIONNAME = "Sara Medernach";
				TargetAttributes = {
					56B12ECF2460BBEF00B60055 = {
						CreatedOnToolsVersion = 11.4;
					};
				};
			};
			buildConfigurationList = 56B12ECB2460BBEF00B60055 /* Build configuration list for PBXProject "RockClimbing" */;
			compatibilityVersion = "Xcode 9.3";
			developmentRegion = en;
			hasScannedForEncodings = 0;
			knownRegions = (
				en,
				Base,
			);
			mainGroup = 56B12EC72460BBEF00B60055;
			productRefGroup = 56B12ED12460BBEF00B60055 /* Products */;
			projectDirPath = "";
			projectRoot = "";
			targets = (
				56B12ECF2460BBEF00B60055 /* RockClimbing */,
			);
		};
/* End PBXProject section */

/* Begin PBXResourcesBuildPhase section */
		56B12ECE2460BBEF00B60055 /* Resources */ = {
			isa = PBXResourcesBuildPhase;
			buildActionMask = 2147483647;
			files = (
				56B12EE32460BBF200B60055 /* LaunchScreen.storyboard in Resources */,
				56B12EE02460BBF200B60055 /* Assets.xcassets in Resources */,
				56B12EDB2460BBEF00B60055 /* Main.storyboard in Resources */,
			);
			runOnlyForDeploymentPostprocessing = 0;
		};
/* End PBXResourcesBuildPhase section */

/* Begin PBXShellScriptBuildPhase section */
		DBE70886371EDFF12F2B8A1A /* [CP] Check Pods Manifest.lock */ = {
			isa = PBXShellScriptBuildPhase;
			buildActionMask = 2147483647;
			files = (
			);
			inputFileListPaths = (
			);
			inputPaths = (
				"${PODS_PODFILE_DIR_PATH}/Podfile.lock",
				"${PODS_ROOT}/Manifest.lock",
			);
			name = "[CP] Check Pods Manifest.lock";
			outputFileListPaths = (
			);
			outputPaths = (
				"$(DERIVED_FILE_DIR)/Pods-RockClimbing-checkManifestLockResult.txt",
			);
			runOnlyForDeploymentPostprocessing = 0;
			shellPath = /bin/sh;
			shellScript = "diff \"${PODS_PODFILE_DIR_PATH}/Podfile.lock\" \"${PODS_ROOT}/Manifest.lock\" > /dev/null\nif [ $? != 0 ] ; then\n    # print error to STDERR\n    echo \"error: The sandbox is not in sync with the Podfile.lock. Run 'pod install' or update your CocoaPods installation.\" >&2\n    exit 1\nfi\n# This output is used by Xcode 'outputs' to avoid re-running this script phase.\necho \"SUCCESS\" > \"${SCRIPT_OUTPUT_FILE_0}\"\n";
			showEnvVarsInLog = 0;
		};
/* End PBXShellScriptBuildPhase section */

/* Begin PBXSourcesBuildPhase section */
		56B12ECC2460BBEF00B60055 /* Sources */ = {
			isa = PBXSourcesBuildPhase;
			buildActionMask = 2147483647;
			files = (
				563A52AC2460C0EB0040E102 /* DatabaseController.swift in Sources */,
				56B12ED82460BBEF00B60055 /* ViewController.swift in Sources */,
				563A52AE24612DF50040E102 /* LocationController.swift in Sources */,
				56B12EDE2460BBEF00B60055 /* RockClimbing.xcdatamodeld in Sources */,
				56B12ED42460BBEF00B60055 /* AppDelegate.swift in Sources */,
				566CA276246144B800A0284E /* ModifyCragViewController.swift in Sources */,
				5647A6022461327300153092 /* CragViewController.swift in Sources */,
				56B12ED62460BBEF00B60055 /* SceneDelegate.swift in Sources */,
			);
			runOnlyForDeploymentPostprocessing = 0;
		};
/* End PBXSourcesBuildPhase section */

/* Begin PBXVariantGroup section */
		56B12ED92460BBEF00B60055 /* Main.storyboard */ = {
			isa = PBXVariantGroup;
			children = (
				56B12EDA2460BBEF00B60055 /* Base */,
			);
			name = Main.storyboard;
			sourceTree = "<group>";
		};
		56B12EE12460BBF200B60055 /* LaunchScreen.storyboard */ = {
			isa = PBXVariantGroup;
			children = (
				56B12EE22460BBF200B60055 /* Base */,
			);
			name = LaunchScreen.storyboard;
			sourceTree = "<group>";
		};
/* End PBXVariantGroup section */

/* Begin XCBuildConfiguration section */
		56B12EE52460BBF200B60055 /* Debug */ = {
			isa = XCBuildConfiguration;
			buildSettings = {
				ALWAYS_SEARCH_USER_PATHS = NO;
				CLANG_ANALYZER_NONNULL = YES;
				CLANG_ANALYZER_NUMBER_OBJECT_CONVERSION = YES_AGGRESSIVE;
				CLANG_CXX_LANGUAGE_STANDARD = "gnu++14";
				CLANG_CXX_LIBRARY = "libc++";
				CLANG_ENABLE_MODULES = YES;
				CLANG_ENABLE_OBJC_ARC = YES;
				CLANG_ENABLE_OBJC_WEAK = YES;
				CLANG_WARN_BLOCK_CAPTURE_AUTORELEASING = YES;
				CLANG_WARN_BOOL_CONVERSION = YES;
				CLANG_WARN_COMMA = YES;
				CLANG_WARN_CONSTANT_CONVERSION = YES;
				CLANG_WARN_DEPRECATED_OBJC_IMPLEMENTATIONS = YES;
				CLANG_WARN_DIRECT_OBJC_ISA_USAGE = YES_ERROR;
				CLANG_WARN_DOCUMENTATION_COMMENTS = YES;
				CLANG_WARN_EMPTY_BODY = YES;
				CLANG_WARN_ENUM_CONVERSION = YES;
				CLANG_WARN_INFINITE_RECURSION = YES;
				CLANG_WARN_INT_CONVERSION = YES;
				CLANG_WARN_NON_LITERAL_NULL_CONVERSION = YES;
				CLANG_WARN_OBJC_IMPLICIT_RETAIN_SELF = YES;
				CLANG_WARN_OBJC_LITERAL_CONVERSION = YES;
				CLANG_WARN_OBJC_ROOT_CLASS = YES_ERROR;
				CLANG_WARN_RANGE_LOOP_ANALYSIS = YES;
				CLANG_WARN_STRICT_PROTOTYPES = YES;
				CLANG_WARN_SUSPICIOUS_MOVE = YES;
				CLANG_WARN_UNGUARDED_AVAILABILITY = YES_AGGRESSIVE;
				CLANG_WARN_UNREACHABLE_CODE = YES;
				CLANG_WARN__DUPLICATE_METHOD_MATCH = YES;
				COPY_PHASE_STRIP = NO;
				DEBUG_INFORMATION_FORMAT = dwarf;
				ENABLE_STRICT_OBJC_MSGSEND = YES;
				ENABLE_TESTABILITY = YES;
				GCC_C_LANGUAGE_STANDARD = gnu11;
				GCC_DYNAMIC_NO_PIC = NO;
				GCC_NO_COMMON_BLOCKS = YES;
				GCC_OPTIMIZATION_LEVEL = 0;
				GCC_PREPROCESSOR_DEFINITIONS = (
					"DEBUG=1",
					"$(inherited)",
				);
				GCC_WARN_64_TO_32_BIT_CONVERSION = YES;
				GCC_WARN_ABOUT_RETURN_TYPE = YES_ERROR;
				GCC_WARN_UNDECLARED_SELECTOR = YES;
				GCC_WARN_UNINITIALIZED_AUTOS = YES_AGGRESSIVE;
				GCC_WARN_UNUSED_FUNCTION = YES;
				GCC_WARN_UNUSED_VARIABLE = YES;
				IPHONEOS_DEPLOYMENT_TARGET = 13.4;
				MTL_ENABLE_DEBUG_INFO = INCLUDE_SOURCE;
				MTL_FAST_MATH = YES;
				ONLY_ACTIVE_ARCH = YES;
				SDKROOT = iphoneos;
				SWIFT_ACTIVE_COMPILATION_CONDITIONS = DEBUG;
				SWIFT_OPTIMIZATION_LEVEL = "-Onone";
			};
			name = Debug;
		};
		56B12EE62460BBF200B60055 /* Release */ = {
			isa = XCBuildConfiguration;
			buildSettings = {
				ALWAYS_SEARCH_USER_PATHS = NO;
				CLANG_ANALYZER_NONNULL = YES;
				CLANG_ANALYZER_NUMBER_OBJECT_CONVERSION = YES_AGGRESSIVE;
				CLANG_CXX_LANGUAGE_STANDARD = "gnu++14";
				CLANG_CXX_LIBRARY = "libc++";
				CLANG_ENABLE_MODULES = YES;
				CLANG_ENABLE_OBJC_ARC = YES;
				CLANG_ENABLE_OBJC_WEAK = YES;
				CLANG_WARN_BLOCK_CAPTURE_AUTORELEASING = YES;
				CLANG_WARN_BOOL_CONVERSION = YES;
				CLANG_WARN_COMMA = YES;
				CLANG_WARN_CONSTANT_CONVERSION = YES;
				CLANG_WARN_DEPRECATED_OBJC_IMPLEMENTATIONS = YES;
				CLANG_WARN_DIRECT_OBJC_ISA_USAGE = YES_ERROR;
				CLANG_WARN_DOCUMENTATION_COMMENTS = YES;
				CLANG_WARN_EMPTY_BODY = YES;
				CLANG_WARN_ENUM_CONVERSION = YES;
				CLANG_WARN_INFINITE_RECURSION = YES;
				CLANG_WARN_INT_CONVERSION = YES;
				CLANG_WARN_NON_LITERAL_NULL_CONVERSION = YES;
				CLANG_WARN_OBJC_IMPLICIT_RETAIN_SELF = YES;
				CLANG_WARN_OBJC_LITERAL_CONVERSION = YES;
				CLANG_WARN_OBJC_ROOT_CLASS = YES_ERROR;
				CLANG_WARN_RANGE_LOOP_ANALYSIS = YES;
				CLANG_WARN_STRICT_PROTOTYPES = YES;
				CLANG_WARN_SUSPICIOUS_MOVE = YES;
				CLANG_WARN_UNGUARDED_AVAILABILITY = YES_AGGRESSIVE;
				CLANG_WARN_UNREACHABLE_CODE = YES;
				CLANG_WARN__DUPLICATE_METHOD_MATCH = YES;
				COPY_PHASE_STRIP = NO;
				DEBUG_INFORMATION_FORMAT = "dwarf-with-dsym";
				ENABLE_NS_ASSERTIONS = NO;
				ENABLE_STRICT_OBJC_MSGSEND = YES;
				GCC_C_LANGUAGE_STANDARD = gnu11;
				GCC_NO_COMMON_BLOCKS = YES;
				GCC_WARN_64_TO_32_BIT_CONVERSION = YES;
				GCC_WARN_ABOUT_RETURN_TYPE = YES_ERROR;
				GCC_WARN_UNDECLARED_SELECTOR = YES;
				GCC_WARN_UNINITIALIZED_AUTOS = YES_AGGRESSIVE;
				GCC_WARN_UNUSED_FUNCTION = YES;
				GCC_WARN_UNUSED_VARIABLE = YES;
				IPHONEOS_DEPLOYMENT_TARGET = 13.4;
				MTL_ENABLE_DEBUG_INFO = NO;
				MTL_FAST_MATH = YES;
				SDKROOT = iphoneos;
				SWIFT_COMPILATION_MODE = wholemodule;
				SWIFT_OPTIMIZATION_LEVEL = "-O";
				VALIDATE_PRODUCT = YES;
			};
			name = Release;
		};
		56B12EE82460BBF200B60055 /* Debug */ = {
			isa = XCBuildConfiguration;
			baseConfigurationReference = 859C9218EE652A26271644D4 /* Pods-RockClimbing.debug.xcconfig */;
			buildSettings = {
				ASSETCATALOG_COMPILER_APPICON_NAME = AppIcon;
				CODE_SIGN_STYLE = Automatic;
				INFOPLIST_FILE = RockClimbing/Info.plist;
				LD_RUNPATH_SEARCH_PATHS = (
					"$(inherited)",
					"@executable_path/Frameworks",
				);
				PRODUCT_BUNDLE_IDENTIFIER = com.medernach.RockClimbing;
				PRODUCT_NAME = "$(TARGET_NAME)";
				SWIFT_VERSION = 5.0;
				TARGETED_DEVICE_FAMILY = "1,2";
			};
			name = Debug;
		};
		56B12EE92460BBF200B60055 /* Release */ = {
			isa = XCBuildConfiguration;
			baseConfigurationReference = AFFCA2BD2A41E4037F4DEC4C /* Pods-RockClimbing.release.xcconfig */;
			buildSettings = {
				ASSETCATALOG_COMPILER_APPICON_NAME = AppIcon;
				CODE_SIGN_STYLE = Automatic;
				INFOPLIST_FILE = RockClimbing/Info.plist;
				LD_RUNPATH_SEARCH_PATHS = (
					"$(inherited)",
					"@executable_path/Frameworks",
				);
				PRODUCT_BUNDLE_IDENTIFIER = com.medernach.RockClimbing;
				PRODUCT_NAME = "$(TARGET_NAME)";
				SWIFT_VERSION = 5.0;
				TARGETED_DEVICE_FAMILY = "1,2";
			};
			name = Release;
		};
/* End XCBuildConfiguration section */

/* Begin XCConfigurationList section */
		56B12ECB2460BBEF00B60055 /* Build configuration list for PBXProject "RockClimbing" */ = {
			isa = XCConfigurationList;
			buildConfigurations = (
				56B12EE52460BBF200B60055 /* Debug */,
				56B12EE62460BBF200B60055 /* Release */,
			);
			defaultConfigurationIsVisible = 0;
			defaultConfigurationName = Release;
		};
		56B12EE72460BBF200B60055 /* Build configuration list for PBXNativeTarget "RockClimbing" */ = {
			isa = XCConfigurationList;
			buildConfigurations = (
				56B12EE82460BBF200B60055 /* Debug */,
				56B12EE92460BBF200B60055 /* Release */,
			);
			defaultConfigurationIsVisible = 0;
			defaultConfigurationName = Release;
		};
/* End XCConfigurationList section */

/* Begin XCVersionGroup section */
		56B12EDC2460BBEF00B60055 /* RockClimbing.xcdatamodeld */ = {
			isa = XCVersionGroup;
			children = (
				56B12EDD2460BBEF00B60055 /* RockClimbing.xcdatamodel */,
			);
			currentVersion = 56B12EDD2460BBEF00B60055 /* RockClimbing.xcdatamodel */;
			path = RockClimbing.xcdatamodeld;
			sourceTree = "<group>";
			versionGroupType = wrapper.xcdatamodel;
		};
/* End XCVersionGroup section */
	};
	rootObject = 56B12EC82460BBEF00B60055 /* Project object */;
}
